{
  "name": "emojisplosion-chrome",
  "version": "1.0.0",
  "lockfileVersion": 1,
  "requires": true,
  "dependencies": {
    "emojisplosion": {
      "version": "2.6.1",
      "resolved": "https://registry.npmjs.org/emojisplosion/-/emojisplosion-2.6.1.tgz",
      "integrity": "sha512-a+yvHzHHP9R8qvt7ZeZS8yReuHjwXvbBbSxJHVMMWs4+sf0eOE/v/+Iz6fQq0CdF8G04jsJMF1MNDlrIBCC1pw=="
    }
  }
}
